{
    "name": "@cloud9trader/websocket-api-client",
    "version": "0.0.22",
    "lockfileVersion": 1,
    "requires": true,
    "dependencies": {
        "@babel/polyfill": {
            "version": "7.4.4",
            "resolved": "https://registry.npmjs.org/@babel/polyfill/-/polyfill-7.4.4.tgz",
            "integrity": "sha512-WlthFLfhQQhh+A2Gn5NSFl0Huxz36x86Jn+E9OW7ibK8edKPq+KLy4apM1yDpQ8kJOVi1OVjpP4vSDLdrI04dg==",
            "requires": {
                "core-js": "^2.6.5",
                "regenerator-runtime": "^0.13.2"
            }
        },
        "@types/estree": {
            "version": "0.0.39",
            "resolved": "https://registry.npmjs.org/@types/estree/-/estree-0.0.39.tgz",
            "integrity": "sha512-EYNwp3bU+98cpU4lAWYYL7Zz+2gryWH1qbdDTidVd6hkiR6weksdbMadyXKXNPEkQFhXM+hVO9ZygomHXp+AIw==",
            "dev": true
        },
        "@types/events": {
            "version": "3.0.0",
            "resolved": "https://registry.npmjs.org/@types/events/-/events-3.0.0.tgz",
            "integrity": "sha512-EaObqwIvayI5a8dCzhFrjKzVwKLxjoG9T6Ppd5CEo07LRKfQ8Yokw54r5+Wq7FaBQ+yXRvQAYPrHwya1/UFt9g=="
        },
        "@types/isomorphic-fetch": {
            "version": "0.0.35",
            "resolved": "https://registry.npmjs.org/@types/isomorphic-fetch/-/isomorphic-fetch-0.0.35.tgz",
            "integrity": "sha512-DaZNUvLDCAnCTjgwxgiL1eQdxIKEpNLOlTNtAgnZc50bG2copGhRrFN9/PxPBuJe+tZVLCbQ7ls0xveXVRPkvw=="
        },
        "@types/node": {
            "version": "12.0.4",
            "resolved": "https://registry.npmjs.org/@types/node/-/node-12.0.4.tgz",
            "integrity": "sha512-j8YL2C0fXq7IONwl/Ud5Kt0PeXw22zGERt+HSSnwbKOJVsAGkEz3sFCYwaF9IOuoG1HOtE0vKCj6sXF7Q0+Vaw=="
        },
        "@types/ws": {
            "version": "6.0.1",
            "resolved": "https://registry.npmjs.org/@types/ws/-/ws-6.0.1.tgz",
            "integrity": "sha512-EzH8k1gyZ4xih/MaZTXwT2xOkPiIMSrhQ9b8wrlX88L0T02eYsddatQlwVFlEPyEqV0ChpdpNnE51QPH6NVT4Q==",
            "requires": {
                "@types/events": "*",
                "@types/node": "*"
            }
        },
        "acorn": {
            "version": "6.4.1",
            "resolved": "https://registry.npmjs.org/acorn/-/acorn-6.4.1.tgz",
            "integrity": "sha512-ZVA9k326Nwrj3Cj9jlh3wGFutC2ZornPNARZwsNYqQYgN0EsV2d53w5RN/co65Ohn4sUAUtb1rSUAOD6XN9idA==",
            "dev": true
        },
        "core-js": {
            "version": "2.6.9",
            "resolved": "https://registry.npmjs.org/core-js/-/core-js-2.6.9.tgz",
            "integrity": "sha512-HOpZf6eXmnl7la+cUdMnLvUxKNqLUzJvgIziQ0DiF3JwSImNphIqdGqzj6hIKyX04MmV0poclQ7+wjWvxQyR2A=="
        },
        "encoding": {
            "version": "0.1.12",
            "resolved": "https://registry.npmjs.org/encoding/-/encoding-0.1.12.tgz",
            "integrity": "sha1-U4tm8+5izRq1HsMjgp0flIDHS+s=",
            "requires": {
                "iconv-lite": "~0.4.13"
            }
        },
        "iconv-lite": {
            "version": "0.4.24",
            "resolved": "https://registry.npmjs.org/iconv-lite/-/iconv-lite-0.4.24.tgz",
            "integrity": "sha512-v3MXnZAcvnywkTUEZomIActle7RXXeedOR31wwl7VlyoXO4Qi9arvSenNQWne1TcRwhCL1HwLI21bEqdpj8/rA==",
            "requires": {
                "safer-buffer": ">= 2.1.2 < 3"
            }
        },
        "is-stream": {
            "version": "1.1.0",
            "resolved": "https://registry.npmjs.org/is-stream/-/is-stream-1.1.0.tgz",
            "integrity": "sha1-EtSj3U5o4Lec6428hBc66A2RykQ="
        },
        "isomorphic-fetch": {
            "version": "2.2.1",
            "resolved": "https://registry.npmjs.org/isomorphic-fetch/-/isomorphic-fetch-2.2.1.tgz",
            "integrity": "sha1-YRrhrPFPXoH3KVB0coGf6XM1WKk=",
            "requires": {
                "node-fetch": "^1.0.1",
                "whatwg-fetch": ">=0.10.0"
            }
        },
        "isomorphic-ws": {
            "version": "4.0.1",
            "resolved": "https://registry.npmjs.org/isomorphic-ws/-/isomorphic-ws-4.0.1.tgz",
            "integrity": "sha512-BhBvN2MBpWTaSHdWRb/bwdZJ1WaehQ2L1KngkCkfLUGF0mAWAT1sQUQacEmQ0jXkFw/czDXPNQSL5u2/Krsz1w=="
        },
        "node-fetch": {
            "version": "1.7.3",
            "resolved": "https://registry.npmjs.org/node-fetch/-/node-fetch-1.7.3.tgz",
            "integrity": "sha512-NhZ4CsKx7cYm2vSrBAr2PvFOe6sWDf0UYLRqA6svUYg7+/TSfVAu49jYC4BvQ4Sms9SZgdqGBgroqfDhJdTyKQ==",
            "requires": {
                "encoding": "^0.1.11",
                "is-stream": "^1.0.1"
            }
        },
        "regenerator-runtime": {
            "version": "0.13.2",
            "resolved": "https://registry.npmjs.org/regenerator-runtime/-/regenerator-runtime-0.13.2.tgz",
            "integrity": "sha512-S/TQAZJO+D3m9xeN1WTI8dLKBBiRgXBlTJvbWjCThHWZj9EvHK70Ff50/tYj2J/fvBY6JtFVwRuazHN2E7M9BA=="
        },
        "rollup": {
            "version": "1.14.0",
            "resolved": "https://registry.npmjs.org/rollup/-/rollup-1.14.0.tgz",
            "integrity": "sha512-NDW4GZevPFmbGwgcxufIOqWbHMJTyLxRyuLk3m3cPNkq8dQSaPEgK7s0SCiDlCITA5X1c3GOJkDAeWULI429xg==",
            "dev": true,
            "requires": {
                "@types/estree": "0.0.39",
                "@types/node": "^12.0.3",
                "acorn": "^6.1.1"
            }
        },
        "safer-buffer": {
            "version": "2.1.2",
            "resolved": "https://registry.npmjs.org/safer-buffer/-/safer-buffer-2.1.2.tgz",
            "integrity": "sha512-YZo3K82SD7Riyi0E1EQPojLz7kpepnSQI9IyPbHHg1XXXevb5dJI7tpyN2ADxGcQbHG7vcyRHk0cbwqcQriUtg=="
        },
        "typescript": {
            "version": "3.5.1",
            "resolved": "https://registry.npmjs.org/typescript/-/typescript-3.5.1.tgz",
            "integrity": "sha512-64HkdiRv1yYZsSe4xC1WVgamNigVYjlssIoaH2HcZF0+ijsk5YK2g0G34w9wJkze8+5ow4STd22AynfO6ZYYLw==",
            "dev": true
        },
        "whatwg-fetch": {
            "version": "3.0.0",
            "resolved": "https://registry.npmjs.org/whatwg-fetch/-/whatwg-fetch-3.0.0.tgz",
            "integrity": "sha512-9GSJUgz1D4MfyKU7KRqwOjXCXTqWdFNvEr7eUBYchQiVc744mqK/MzXPNR2WsPkmkOa4ywfg8C2n8h+13Bey1Q=="
        },
        "ws": {
            "version": "7.2.1",
            "resolved": "https://registry.npmjs.org/ws/-/ws-7.2.1.tgz",
            "integrity": "sha512-sucePNSafamSKoOqoNfBd8V0StlkzJKL2ZAhGQinCfNQ+oacw+Pk7lcdAElecBF2VkLNZRiIb5Oi1Q5lVUVt2A=="
        }
    }
}
